
Microsoft Visual Studio Solution File, Format Version 12.00
# Visual Studio Version 17
VisualStudioVersion = 17.8.34309.116
MinimumVisualStudioVersion = 10.0.40219.1
Project("{FAE04EC0-301F-11D3-BF4B-00C04F79EFBC}") = "MovieDatabaseApp", "MovieDatabaseApp\MovieDatabaseApp.csproj", "{D4310529-C6FA-4CB6-9499-A2B03B180846}"
EndProject
Global
	GlobalSection(SolutionConfigurationPlatforms) = preSolution
		Debug|Any CPU = Debug|Any CPU
		Release|Any CPU = Release|Any CPU
	EndGlobalSection
	GlobalSection(ProjectConfigurationPlatforms) = postSolution
		{D4310529-C6FA-4CB6-9499-A2B03B180846}.Debug|Any CPU.ActiveCfg = Debug|Any CPU
		{D4310529-C6FA-4CB6-9499-A2B03B180846}.Debug|Any CPU.Build.0 = Debug|Any CPU
		{D4310529-C6FA-4CB6-9499-A2B03B180846}.Release|Any CPU.ActiveCfg = Release|Any CPU
		{D4310529-C6FA-4CB6-9499-A2B03B180846}.Release|Any CPU.Build.0 = Release|Any CPU
	EndGlobalSection
	GlobalSection(SolutionProperties) = preSolution
		HideSolutionNode = FALSE
	EndGlobalSection
	GlobalSection(ExtensibilityGlobals) = postSolution
		SolutionGuid = {C154E11F-71C4-4856-BCAD-B039F72D6BB5}
	EndGlobalSection
EndGlobal
